
Microsoft Visual Studio Solution File, Format Version 12.00
# Visual Studio Version 16
VisualStudioVersion = 16.0.29215.179
MinimumVisualStudioVersion = 10.0.40219.1
Project("{FAE04EC0-301F-11D3-BF4B-00C04F79EFBC}") = "dawdsa", "dawdsa\dawdsa.csproj", "{AD1CB3F4-4068-441D-93F8-2AB4252DC94F}"
EndProject
Global
	GlobalSection(SolutionConfigurationPlatforms) = preSolution
		Debug|Any CPU = Debug|Any CPU
		Release|Any CPU = Release|Any CPU
	EndGlobalSection
	GlobalSection(ProjectConfigurationPlatforms) = postSolution
		{AD1CB3F4-4068-441D-93F8-2AB4252DC94F}.Debug|Any CPU.ActiveCfg = Debug|Any CPU
		{AD1CB3F4-4068-441D-93F8-2AB4252DC94F}.Debug|Any CPU.Build.0 = Debug|Any CPU
		{AD1CB3F4-4068-441D-93F8-2AB4252DC94F}.Release|Any CPU.ActiveCfg = Release|Any CPU
		{AD1CB3F4-4068-441D-93F8-2AB4252DC94F}.Release|Any CPU.Build.0 = Release|Any CPU
	EndGlobalSection
	GlobalSection(SolutionProperties) = preSolution
		HideSolutionNode = FALSE
	EndGlobalSection
	GlobalSection(ExtensibilityGlobals) = postSolution
		SolutionGuid = {49A29448-1D42-4D64-B258-4E25F6A36501}
	EndGlobalSection
EndGlobal
